
Microsoft Visual Studio Solution File, Format Version 12.00
# Visual Studio 15
VisualStudioVersion = 15.0.28010.2003
MinimumVisualStudioVersion = 10.0.40219.1
Project("{FAE04EC0-301F-11D3-BF4B-00C04F79EFBC}") = "leetcode_csharp", "leetcode_csharp.csproj", "{31543484-5519-402A-AF67-D01B9DDC3CCE}"
EndProject
Project("{FAE04EC0-301F-11D3-BF4B-00C04F79EFBC}") = "TwoSum", "..\TwoSum\TwoSum.csproj", "{AB6D4D64-FD2C-4C87-830D-5B68260C4E76}"
EndProject
Project("{FAE04EC0-301F-11D3-BF4B-00C04F79EFBC}") = "ReverseInteger", "..\ReverseInteger\ReverseInteger.csproj", "{A44152E9-CD24-4EB3-9713-D55B9688A723}"
EndProject
Global
	GlobalSection(SolutionConfigurationPlatforms) = preSolution
		Debug|Any CPU = Debug|Any CPU
		Release|Any CPU = Release|Any CPU
	EndGlobalSection
	GlobalSection(ProjectConfigurationPlatforms) = postSolution
		{31543484-5519-402A-AF67-D01B9DDC3CCE}.Debug|Any CPU.ActiveCfg = Debug|Any CPU
		{31543484-5519-402A-AF67-D01B9DDC3CCE}.Debug|Any CPU.Build.0 = Debug|Any CPU
		{31543484-5519-402A-AF67-D01B9DDC3CCE}.Release|Any CPU.ActiveCfg = Release|Any CPU
		{31543484-5519-402A-AF67-D01B9DDC3CCE}.Release|Any CPU.Build.0 = Release|Any CPU
		{AB6D4D64-FD2C-4C87-830D-5B68260C4E76}.Debug|Any CPU.ActiveCfg = Debug|Any CPU
		{AB6D4D64-FD2C-4C87-830D-5B68260C4E76}.Debug|Any CPU.Build.0 = Debug|Any CPU
		{AB6D4D64-FD2C-4C87-830D-5B68260C4E76}.Release|Any CPU.ActiveCfg = Release|Any CPU
		{AB6D4D64-FD2C-4C87-830D-5B68260C4E76}.Release|Any CPU.Build.0 = Release|Any CPU
		{A44152E9-CD24-4EB3-9713-D55B9688A723}.Debug|Any CPU.ActiveCfg = Debug|Any CPU
		{A44152E9-CD24-4EB3-9713-D55B9688A723}.Debug|Any CPU.Build.0 = Debug|Any CPU
		{A44152E9-CD24-4EB3-9713-D55B9688A723}.Release|Any CPU.ActiveCfg = Release|Any CPU
		{A44152E9-CD24-4EB3-9713-D55B9688A723}.Release|Any CPU.Build.0 = Release|Any CPU
	EndGlobalSection
	GlobalSection(SolutionProperties) = preSolution
		HideSolutionNode = FALSE
	EndGlobalSection
	GlobalSection(ExtensibilityGlobals) = postSolution
		SolutionGuid = {276EB37F-EBFD-4DDE-8724-036655FC2CA2}
	EndGlobalSection
EndGlobal
